{
    "_readme": [
        "This file locks the dependencies of your project to a known state",
        "Read more about it at http://getcomposer.org/doc/01-basic-usage.md#composer-lock-the-lock-file"
    ],
    "hash": "867767b914f6ccf46e7681ab17c4c1ae",
    "packages": [
        {
            "name": "lusitanian/oauth",
            "version": "dev-master",
            "source": {
                "type": "git",
                "url": "https://github.com/Lusitanian/PHPoAuthLib.git",
                "reference": "5d04257a83da9fd6ef254abe9030b4263816f5ca"
            },
            "dist": {
                "type": "zip",
                "url": "https://api.github.com/repos/Lusitanian/PHPoAuthLib/zipball/5d04257a83da9fd6ef254abe9030b4263816f5ca",
                "reference": "5d04257a83da9fd6ef254abe9030b4263816f5ca",
                "shasum": ""
            },
            "require": {
                "php": ">=5.3.0"
            },
            "require-dev": {
                "phpunit/phpunit": "3.7.*",
                "predis/predis": "0.8.*@dev",
                "symfony/http-foundation": "~2.1"
            },
            "suggest": {
                "predis/predis": "Allows using the Redis storage backend.",
                "symfony/http-foundation": "Allows using the Symfony Session storage backend."
            },
            "type": "library",
            "extra": {
                "branch-alias": {
                    "dev-master": "0.1-dev"
                }
            },
            "autoload": {
                "psr-0": {
                    "OAuth": "src",
                    "OAuth\\Unit": "tests"
                }
            },
            "notification-url": "https://packagist.org/downloads/",
            "license": [
                "MIT"
            ],
            "authors": [
                {
                    "name": "David Desberg",
                    "email": "david@daviddesberg.com"
                },
                {
                    "name": "Pieter Hordijk",
                    "email": "info@pieterhordijk.com",
                    "homepage": "https://pieterhordijk.com",
                    "role": "developer"
                }
            ],
            "description": "PHP 5.3+ oAuth 1/2 Library",
            "keywords": [
                "Authentication",
                "authorization",
                "oauth",
                "security"
            ],
            "time": "2013-09-20 03:55:55"
        }
    ],
    "packages-dev": [
        {
            "name": "illuminate/support",
            "version": "dev-master",
            "target-dir": "Illuminate/Support",
            "source": {
                "type": "git",
                "url": "https://github.com/illuminate/support.git",
                "reference": "9e61ed7335f457521b888fd405f16eda6f7caf02"
            },
            "dist": {
                "type": "zip",
                "url": "https://api.github.com/repos/illuminate/support/zipball/9e61ed7335f457521b888fd405f16eda6f7caf02",
                "reference": "9e61ed7335f457521b888fd405f16eda6f7caf02",
                "shasum": ""
            },
            "require": {
                "php": ">=5.3.0"
            },
            "require-dev": {
                "mockery/mockery": "0.7.2",
                "patchwork/utf8": "1.1.*",
                "phpunit/phpunit": "3.7.*"
            },
            "type": "library",
            "extra": {
                "branch-alias": {
                    "dev-master": "4.1-dev"
                }
            },
            "autoload": {
                "psr-0": {
                    "Illuminate\\Support": ""
                },
                "files": [
                    "Illuminate/Support/helpers.php"
                ]
            },
            "notification-url": "https://packagist.org/downloads/",
            "license": [
                "MIT"
            ],
            "authors": [
                {
                    "name": "Taylor Otwell",
                    "email": "taylorotwell@gmail.com",
                    "homepage": "https://github.com/taylorotwell",
                    "role": "Developer"
                }
            ],
            "time": "2013-09-06 05:21:45"
        }
    ],
    "aliases": [

    ],
    "minimum-stability": "dev",
    "stability-flags": {
        "illuminate/support": 20
    },
    "platform": {
        "php": ">=5.3"
    },
    "platform-dev": [

    ]
}
